
Microsoft Visual Studio Solution File, Format Version 12.00
# Visual Studio Version 17
VisualStudioVersion = 17.5.002.0
MinimumVisualStudioVersion = 10.0.40219.1
Project("{2150E333-8FDC-42A3-9474-1A3956D46DE8}") = "src", "src", "{60A3D9D8-93D0-4ADF-AE3A-166A8E5B1BA2}"
EndProject
Project("{9A19103F-16F7-4668-BE54-9A1E7A4F7556}") = "PsSqlClient", "src\PsSqlClient\PsSqlClient.csproj", "{AC7677A8-9044-4B1F-A19D-CBEFAAE07B07}"
EndProject
Project("{FAE04EC0-301F-11D3-BF4B-00C04F79EFBC}") = "PsSqlClient.Shared", "src\PsSqlClient.Shared\PsSqlClient.Shared.csproj", "{81199C59-3215-4B3A-B002-CE144774C8C6}"
EndProject
Global
	GlobalSection(SolutionConfigurationPlatforms) = preSolution
		Debug|Any CPU = Debug|Any CPU
		Release|Any CPU = Release|Any CPU
	EndGlobalSection
	GlobalSection(ProjectConfigurationPlatforms) = postSolution
		{AC7677A8-9044-4B1F-A19D-CBEFAAE07B07}.Debug|Any CPU.ActiveCfg = Debug|Any CPU
		{AC7677A8-9044-4B1F-A19D-CBEFAAE07B07}.Debug|Any CPU.Build.0 = Debug|Any CPU
		{AC7677A8-9044-4B1F-A19D-CBEFAAE07B07}.Release|Any CPU.ActiveCfg = Release|Any CPU
		{AC7677A8-9044-4B1F-A19D-CBEFAAE07B07}.Release|Any CPU.Build.0 = Release|Any CPU
		{81199C59-3215-4B3A-B002-CE144774C8C6}.Debug|Any CPU.ActiveCfg = Debug|Any CPU
		{81199C59-3215-4B3A-B002-CE144774C8C6}.Debug|Any CPU.Build.0 = Debug|Any CPU
		{81199C59-3215-4B3A-B002-CE144774C8C6}.Release|Any CPU.ActiveCfg = Release|Any CPU
		{81199C59-3215-4B3A-B002-CE144774C8C6}.Release|Any CPU.Build.0 = Release|Any CPU
	EndGlobalSection
	GlobalSection(SolutionProperties) = preSolution
		HideSolutionNode = FALSE
	EndGlobalSection
	GlobalSection(NestedProjects) = preSolution
		{AC7677A8-9044-4B1F-A19D-CBEFAAE07B07} = {60A3D9D8-93D0-4ADF-AE3A-166A8E5B1BA2}
		{81199C59-3215-4B3A-B002-CE144774C8C6} = {60A3D9D8-93D0-4ADF-AE3A-166A8E5B1BA2}
	EndGlobalSection
	GlobalSection(ExtensibilityGlobals) = postSolution
		SolutionGuid = {2195C8CC-7D69-438B-AB92-DB81C9029F03}
	EndGlobalSection
EndGlobal
